
Microsoft Visual Studio Solution File, Format Version 12.00
# Visual Studio 15
VisualStudioVersion = 15.0.28307.960
MinimumVisualStudioVersion = 10.0.40219.1
Project("{9A19103F-16F7-4668-BE54-9A1E7A4F7556}") = "Builder", "Builder\Builder.csproj", "{345D0F66-E6C1-4177-A762-0879422D67EF}"
EndProject
Project("{FAE04EC0-301F-11D3-BF4B-00C04F79EFBC}") = "BuilderRealWorld", "BuilderRealWorld\BuilderRealWorld.csproj", "{4BB2BF1B-C960-4D8C-9C39-BC8E06E6D797}"
EndProject
Global
	GlobalSection(SolutionConfigurationPlatforms) = preSolution
		Debug|Any CPU = Debug|Any CPU
		Release|Any CPU = Release|Any CPU
	EndGlobalSection
	GlobalSection(ProjectConfigurationPlatforms) = postSolution
		{345D0F66-E6C1-4177-A762-0879422D67EF}.Debug|Any CPU.ActiveCfg = Debug|Any CPU
		{345D0F66-E6C1-4177-A762-0879422D67EF}.Debug|Any CPU.Build.0 = Debug|Any CPU
		{345D0F66-E6C1-4177-A762-0879422D67EF}.Release|Any CPU.ActiveCfg = Release|Any CPU
		{345D0F66-E6C1-4177-A762-0879422D67EF}.Release|Any CPU.Build.0 = Release|Any CPU
		{4BB2BF1B-C960-4D8C-9C39-BC8E06E6D797}.Debug|Any CPU.ActiveCfg = Debug|Any CPU
		{4BB2BF1B-C960-4D8C-9C39-BC8E06E6D797}.Debug|Any CPU.Build.0 = Debug|Any CPU
		{4BB2BF1B-C960-4D8C-9C39-BC8E06E6D797}.Release|Any CPU.ActiveCfg = Release|Any CPU
		{4BB2BF1B-C960-4D8C-9C39-BC8E06E6D797}.Release|Any CPU.Build.0 = Release|Any CPU
	EndGlobalSection
	GlobalSection(SolutionProperties) = preSolution
		HideSolutionNode = FALSE
	EndGlobalSection
	GlobalSection(ExtensibilityGlobals) = postSolution
		SolutionGuid = {79C259FF-D1F0-40DE-A169-666F0AAA1703}
	EndGlobalSection
EndGlobal
